
Microsoft Visual Studio Solution File, Format Version 12.00
# Visual Studio Version 16
VisualStudioVersion = 16.0.31424.327
MinimumVisualStudioVersion = 10.0.40219.1
Project("{FAE04EC0-301F-11D3-BF4B-00C04F79EFBC}") = "TicTacToe", "TicTacToe\TicTacToe.csproj", "{7C05E4A3-4782-4823-A560-EA4AD1874AF7}"
EndProject
Global
	GlobalSection(SolutionConfigurationPlatforms) = preSolution
		Debug|Any CPU = Debug|Any CPU
		Release|Any CPU = Release|Any CPU
	EndGlobalSection
	GlobalSection(ProjectConfigurationPlatforms) = postSolution
		{7C05E4A3-4782-4823-A560-EA4AD1874AF7}.Debug|Any CPU.ActiveCfg = Debug|Any CPU
		{7C05E4A3-4782-4823-A560-EA4AD1874AF7}.Debug|Any CPU.Build.0 = Debug|Any CPU
		{7C05E4A3-4782-4823-A560-EA4AD1874AF7}.Release|Any CPU.ActiveCfg = Release|Any CPU
		{7C05E4A3-4782-4823-A560-EA4AD1874AF7}.Release|Any CPU.Build.0 = Release|Any CPU
	EndGlobalSection
	GlobalSection(SolutionProperties) = preSolution
		HideSolutionNode = FALSE
	EndGlobalSection
	GlobalSection(ExtensibilityGlobals) = postSolution
		SolutionGuid = {71F86C38-EEBE-4B0A-86B2-759033A58D82}
	EndGlobalSection
EndGlobal
